%{"continuum": {:git, "git://github.com/meh/continuum.git", "302470c32999ff3b1c374cce8d99a46b043a83fe", []},
  "cookiejar": {:git, "git://github.com/d0rc/elixir-cookiejar.git", "b4e89c0790c49d1144567d26558e93cfd6218fd6", []},
  "hackney": {:git, "git://github.com/benoitc/hackney.git", "e18bdd2f68840c8fddd77875b06079087290e5cc", []},
  "hackney_lib": {:git, "git://github.com/benoitc/hackney_lib.git", "8050fe58fa6e6321fd38a255d0b61f7200f8648d", []},
  "httpoison": {:git, "git://github.com/d0rc/httpoison.git", "ea15882cdd52f121d9a4d3fbbc0139cd5b9218a4", []},
  "idna": {:git, "git://github.com/benoitc/erlang-idna.git", "21aa158b7f36bf2a000f12fe40d7f21eece9cf65", [tag: "hackney-0.11.2"]},
  "jsex": {:git, "git://github.com/talentdeficit/jsex.git", "03ad4ff0967331afd01464857d41e5e497ed198c", []},
  "jsx": {:git, "git://github.com/talentdeficit/jsx.git", "507fa4c41db33c81e925ab53f4d789d234aaff2f", [tag: "v2.0.1"]}}
