[ "continuum": {:git, "git://github.com/meh/continuum.git", "7845187fa814bdfa6938db7f3a2341b742b0aa61", []},
  "cookiejar": {:git, "git://github.com/d0rc/elixir-cookiejar.git", "59358744436067f4675c0ce2450a1cc16f5a5901", []},
  "hackney": {:git, "git://github.com/benoitc/hackney.git", "7f2a0b5996313d930277786e7ff5d538e9346547", [tag: "0.10.1"]},
  "hackney_lib": {:git, "https://github.com/benoitc/hackney_lib.git", "eecdb481f1d38bfb194896bffdf9bdcdd967ae96", [tag: "0.2.2"]},
  "httpoison": {:git, "git://github.com/edgurgel/httpoison.git", "3af149cfa02b45b0f5ee4fe2f4fd8c022316b875", []},
  "jsex": {:git, "git://github.com/d0rc/jsex.git", "f31a3c4ee82f0c9e51c00d00e7b183277f1bade9", [branch: "fixes-for-new-elixir"]},
  "jsx": {:git, "git://github.com/talentdeficit/jsx.git", "e50af6e109cb03bd26acf715cbc77de746507d1d", [tag: "v1.4.3"]},
  "mimetypes": {:git, "git://github.com/spawngrid/mimetypes.git", "47d37a977a7d633199822bf6b08353007483d00f", [ref: "master"]} ]
